
Microsoft Visual Studio Solution File, Format Version 12.00
# Visual Studio Version 16
VisualStudioVersion = 16.0.30128.74
MinimumVisualStudioVersion = 10.0.40219.1
Project("{8BC9CEB8-8B4A-11D0-8D11-00A0C91BC942}") = "雷霆战机", "飞机1.vcxproj", "{B5115B06-92D5-43BE-AC0F-40C5A5E2FF80}"
EndProject
Global
	GlobalSection(SolutionConfigurationPlatforms) = preSolution
		Debug|x64 = Debug|x64
		Debug|x86 = Debug|x86
		Release|x64 = Release|x64
		Release|x86 = Release|x86
	EndGlobalSection
	GlobalSection(ProjectConfigurationPlatforms) = postSolution
		{B5115B06-92D5-43BE-AC0F-40C5A5E2FF80}.Debug|x64.ActiveCfg = Debug|x64
		{B5115B06-92D5-43BE-AC0F-40C5A5E2FF80}.Debug|x64.Build.0 = Debug|x64
		{B5115B06-92D5-43BE-AC0F-40C5A5E2FF80}.Debug|x86.ActiveCfg = Debug|Win32
		{B5115B06-92D5-43BE-AC0F-40C5A5E2FF80}.Debug|x86.Build.0 = Debug|Win32
		{B5115B06-92D5-43BE-AC0F-40C5A5E2FF80}.Release|x64.ActiveCfg = Release|x64
		{B5115B06-92D5-43BE-AC0F-40C5A5E2FF80}.Release|x64.Build.0 = Release|x64
		{B5115B06-92D5-43BE-AC0F-40C5A5E2FF80}.Release|x86.ActiveCfg = Release|Win32
		{B5115B06-92D5-43BE-AC0F-40C5A5E2FF80}.Release|x86.Build.0 = Release|Win32
	EndGlobalSection
	GlobalSection(SolutionProperties) = preSolution
		HideSolutionNode = FALSE
	EndGlobalSection
	GlobalSection(ExtensibilityGlobals) = postSolution
		SolutionGuid = {8E623BFF-FF83-41DD-ADB1-CE34A4425481}
	EndGlobalSection
EndGlobal
